PODS:
  - FFUtils (0.2.3.beta-1):
    - FFUtils/CustomView (= 0.2.3.beta-1)
    - FFUtils/Extension (= 0.2.3.beta-1)
    - FFUtils/KeyBoard (= 0.2.3.beta-1)
    - FFUtils/Services (= 0.2.3.beta-1)
    - FFUtils/Utils (= 0.2.3.beta-1)
  - FFUtils/CustomView (0.2.3.beta-1)
  - FFUtils/Extension (0.2.3.beta-1)
  - FFUtils/KeyBoard (0.2.3.beta-1)
  - FFUtils/Services (0.2.3.beta-1)
  - FFUtils/Utils (0.2.3.beta-1):
    - FFUtils/Extension

DEPENDENCIES:
  - FFUtils (from `../`)

EXTERNAL SOURCES:
  FFUtils:
    :path: "../"

SPEC CHECKSUMS:
  FFUtils: 7358e1915617cd28a7f2dad15b497a825b9ba070

PODFILE CHECKSUM: eaffd53bd044fd1a2ffa43eeaa659038d7774713

COCOAPODS: 1.9.3
